{
    "name": "gjs-decorators",
    "version": "1.0.0",
    "lockfileVersion": 3,
    "requires": true,
    "packages": {
        "": {
            "name": "gjs-decorators",
            "version": "1.0.0",
            "license": "GPL-3.0-only",
            "dependencies": {
                "@girs/gjs": "^3.2.9",
                "@girs/gobject-2.0": "^2.78.0-3.2.9"
            }
        },
        "node_modules/@girs/gjs": {
            "version": "3.2.9",
            "resolved": "https://registry.npmjs.org/@girs/gjs/-/gjs-3.2.9.tgz",
            "integrity": "sha512-dJfCNdtt4OLRywlhKOc+h27l5KoOiDhbhkuuG/WaV/jn9KaQ1BMAyVWdBEZu6WzPJlsiWYujis0fe5ZJnrgoDA==",
            "dependencies": {
                "@girs/glib-2.0": "^2.78.0-3.2.9",
                "@girs/gobject-2.0": "^2.78.0-3.2.9"
            }
        },
        "node_modules/@girs/glib-2.0": {
            "version": "2.78.0-3.2.9",
            "resolved": "https://registry.npmjs.org/@girs/glib-2.0/-/glib-2.0-2.78.0-3.2.9.tgz",
            "integrity": "sha512-wcbnSojav6jc4//PYsAJPwXizFlz35/F+AHyFbvutOSdNz4xzzUUZqUhhH2lmoyR8WDvkVWBcQitCmYmPNe6Xg==",
            "dependencies": {
                "@girs/gjs": "^3.2.9",
                "@girs/gobject-2.0": "^2.78.0-3.2.9"
            }
        },
        "node_modules/@girs/gobject-2.0": {
            "version": "2.78.0-3.2.9",
            "resolved": "https://registry.npmjs.org/@girs/gobject-2.0/-/gobject-2.0-2.78.0-3.2.9.tgz",
            "integrity": "sha512-zszoqx7/z7KseQnc7WUXz1jgs3oYskT748cMKLQ7n4pRtL6klrTzlPbM42Szs+Uk6wOKJ+o+MMdcpb8znflDBg==",
            "dependencies": {
                "@girs/gjs": "^3.2.9",
                "@girs/glib-2.0": "^2.78.0-3.2.9"
            }
        }
    }
}
